{
  "name": "@johnpatrickwarren-oss/tessera-rng",
  "version": "0.1.0-pre",
  "lockfileVersion": 3,
  "requires": true,
  "packages": {
    "": {
      "name": "@johnpatrickwarren-oss/tessera-rng",
      "version": "0.1.0-pre",
      "license": "Apache-2.0",
      "dependencies": {
        "@johnpatrickwarren-oss/deploysignal-engine": "github:johnpatrickwarren-oss/deploysignal-engine#v0.6.9-pre"
      },
      "devDependencies": {
        "@types/node": "^22.0.0",
        "typescript": "^5.4.0"
      },
      "engines": {
        "node": ">=20",
        "pnpm": ">=11"
      }
    },
    "node_modules/.pnpm/@types+node@22.19.20": {
      "dev": true,
      "optional": true,
      "peer": true
    },
    "node_modules/.pnpm/@types+node@22.19.20/node_modules/@types/node": {
      "version": "22.19.20",
      "dev": true,
      "license": "MIT",
      "dependencies": {
        "undici-types": "~6.21.0"
      }
    },
    "node_modules/.pnpm/@types+node@22.19.20/node_modules/undici-types": {
      "resolved": "node_modules/.pnpm/undici-types@6.21.0/node_modules/undici-types",
      "link": true
    },
    "node_modules/.pnpm/typescript@5.9.3": {
      "dev": true,
      "optional": true,
      "peer": true
    },
    "node_modules/.pnpm/typescript@5.9.3/node_modules/typescript": {
      "version": "5.9.3",
      "dev": true,
      "license": "Apache-2.0",
      "bin": {
        "tsc": "bin/tsc",
        "tsserver": "bin/tsserver"
      },
      "engines": {
        "node": ">=14.17"
      }
    },
    "node_modules/.pnpm/undici-types@6.21.0/node_modules/undici-types": {
      "version": "6.21.0",
      "dev": true,
      "license": "MIT"
    },
    "node_modules/@johnpatrickwarren-oss/deploysignal-engine": {
      "version": "0.6.9-pre",
      "resolved": "git+ssh://git@github.com/johnpatrickwarren-oss/deploysignal-engine.git#76d2852340ae9679a81c050aa2eaad894b818e6a",
      "license": "Apache-2.0",
      "bin": {
        "ds-engine-fit-substrate": "dist/tools/fit-production-substrate.js",
        "ds-engine-nab-per-dataset": "dist/tools/run-nab-per-dataset.js",
        "ds-engine-nab-validate": "dist/tools/run-nab-validation.js"
      }
    },
    "node_modules/@types/node": {
      "resolved": "node_modules/.pnpm/@types+node@22.19.20/node_modules/@types/node",
      "link": true
    },
    "node_modules/typescript": {
      "resolved": "node_modules/.pnpm/typescript@5.9.3/node_modules/typescript",
      "link": true
    }
  }
}
