lockfileVersion: '9.0'

settings:
  autoInstallPeers: true
  excludeLinksFromLockfile: false

importers:

  .:
    dependencies:
      '@johnpatrickwarren-oss/deploysignal-engine':
        specifier: github:johnpatrickwarren-oss/deploysignal-engine#v0.6.10-pre
        version: https://codeload.github.com/johnpatrickwarren-oss/deploysignal-engine/tar.gz/c2734098b29b3a642bca88e1e4986a27a93c64f3
    devDependencies:
      '@types/node':
        specifier: ^22.0.0
        version: 22.19.20
      typescript:
        specifier: ^5.4.0
        version: 5.9.3

packages:

  '@johnpatrickwarren-oss/deploysignal-engine@https://codeload.github.com/johnpatrickwarren-oss/deploysignal-engine/tar.gz/c2734098b29b3a642bca88e1e4986a27a93c64f3':
    resolution: {gitHosted: true, tarball: https://codeload.github.com/johnpatrickwarren-oss/deploysignal-engine/tar.gz/c2734098b29b3a642bca88e1e4986a27a93c64f3}
    version: 0.6.10-pre
    hasBin: true

  '@types/node@22.19.20':
    resolution: {integrity: sha512-6tELRwSDYWW9EdZhbeZmYGZ1/7Djkt+Ah3/ScEYT9cDord7UJzasR/4D3VONg9tQI5CDp+/CZC1AXj2pCFOvpw==}

  typescript@5.9.3:
    resolution: {integrity: sha512-jl1vZzPDinLr9eUt3J/t7V6FgNEw9QjvBPdysz9KfQDD41fQrC2Y4vKQdiaUpFT4bXlb1RHhLpp8wtm6M5TgSw==}
    engines: {node: '>=14.17'}
    hasBin: true

  undici-types@6.21.0:
    resolution: {integrity: sha512-iwDZqg0QAGrg9Rav5H4n0M64c3mkR59cJ6wQp+7C4nI0gsmExaedaYLNO44eT4AtBBwjbTiGPMlt2Md0T9H9JQ==}

snapshots:

  '@johnpatrickwarren-oss/deploysignal-engine@https://codeload.github.com/johnpatrickwarren-oss/deploysignal-engine/tar.gz/c2734098b29b3a642bca88e1e4986a27a93c64f3': {}

  '@types/node@22.19.20':
    dependencies:
      undici-types: 6.21.0

  typescript@5.9.3: {}

  undici-types@6.21.0: {}
